// !$*UTF8*$!
{
	archiveVersion = 1;
	classes = {
	};
	objectVersion = 50;
	objects = {

/* Begin PBXBuildFile section */
		E5FAE24421FEB28A008C14CA /* AppDelegate.swift in Sources */ = {isa = PBXBuildFile; fileRef = E5FAE24321FEB28A008C14CA /* AppDelegate.swift */; };
		E5FAE24621FEB28B008C14CA /* ViewController.swift in Sources */ = {isa = PBXBuildFile; fileRef = E5FAE24521FEB28B008C14CA /* ViewController.swift */; };
		E5FAE24921FEB28B008C14CA /* Main.storyboard in Resources */ = {isa = PBXBuildFile; fileRef = E5FAE24721FEB28B008C14CA /* Main.storyboard */; };
		E5FAE24B21FEB28C008C14CA /* Assets.xcassets in Resources */ = {isa = PBXBuildFile; fileRef = E5FAE24A21FEB28C008C14CA /* Assets.xcassets */; };
		E5FAE24E21FEB28C008C14CA /* LaunchScreen.storyboard in Resources */ = {isa = PBXBuildFile; fileRef = E5FAE24C21FEB28C008C14CA /* LaunchScreen.storyboard */; };
		E5FAE25921FEB28C008C14CA /* Tip_CalculatorTests.swift in Sources */ = {isa = PBXBuildFile; fileRef = E5FAE25821FEB28C008C14CA /* Tip_CalculatorTests.swift */; };
		E5FAE26421FEB28C008C14CA /* Tip_CalculatorUITests.swift in Sources */ = {isa = PBXBuildFile; fileRef = E5FAE26321FEB28C008C14CA /* Tip_CalculatorUITests.swift */; };
/* End PBXBuildFile section */

/* Begin PBXContainerItemProxy section */
		E5FAE25521FEB28C008C14CA /* PBXContainerItemProxy */ = {
			isa = PBXContainerItemProxy;
			containerPortal = E5FAE23821FEB28A008C14CA /* Project object */;
			proxyType = 1;
			remoteGlobalIDString = E5FAE23F21FEB28A008C14CA;
			remoteInfo = "Tip Calculator";
		};
		E5FAE26021FEB28C008C14CA /* PBXContainerItemProxy */ = {
			isa = PBXContainerItemProxy;
			containerPortal = E5FAE23821FEB28A008C14CA /* Project object */;
			proxyType = 1;
			remoteGlobalIDString = E5FAE23F21FEB28A008C14CA;
			remoteInfo = "Tip Calculator";
		};
/* End PBXContainerItemProxy section */

/* Begin PBXFileReference section */
		E5FAE24021FEB28A008C14CA /* Tip Calculator.app */ = {isa = PBXFileReference; explicitFileType = wrapper.application; includeInIndex = 0; path = "Tip Calculator.app"; sourceTree = BUILT_PRODUCTS_DIR; };
		E5FAE24321FEB28A008C14CA /* AppDelegate.swift */ = {isa = PBXFileReference; lastKnownFileType = sourcecode.swift; path = AppDelegate.swift; sourceTree = "<group>"; };
		E5FAE24521FEB28B008C14CA /* ViewController.swift */ = {isa = PBXFileReference; lastKnownFileType = sourcecode.swift; path = ViewController.swift; sourceTree = "<group>"; };
		E5FAE24821FEB28B008C14CA /* Base */ = {isa = PBXFileReference; lastKnownFileType = file.storyboard; name = Base; path = Base.lproj/Main.storyboard; sourceTree = "<group>"; };
		E5FAE24A21FEB28C008C14CA /* Assets.xcassets */ = {isa = PBXFileReference; lastKnownFileType = folder.assetcatalog; path = Assets.xcassets; sourceTree = "<group>"; };
		E5FAE24D21FEB28C008C14CA /* Base */ = {isa = PBXFileReference; lastKnownFileType = file.storyboard; name = Base; path = Base.lproj/LaunchScreen.storyboard; sourceTree = "<group>"; };
		E5FAE24F21FEB28C008C14CA /* Info.plist */ = {isa = PBXFileReference; lastKnownFileType = text.plist.xml; path = Info.plist; sourceTree = "<group>"; };
		E5FAE25421FEB28C008C14CA /* Tip CalculatorTests.xctest */ = {isa = PBXFileReference; explicitFileType = wrapper.cfbundle; includeInIndex = 0; path = "Tip CalculatorTests.xctest"; sourceTree = BUILT_PRODUCTS_DIR; };
		E5FAE25821FEB28C008C14CA /* Tip_CalculatorTests.swift */ = {isa = PBXFileReference; lastKnownFileType = sourcecode.swift; path = Tip_CalculatorTests.swift; sourceTree = "<group>"; };
		E5FAE25A21FEB28C008C14CA /* Info.plist */ = {isa = PBXFileReference; lastKnownFileType = text.plist.xml; path = Info.plist; sourceTree = "<group>"; };
		E5FAE25F21FEB28C008C14CA /* Tip CalculatorUITests.xctest */ = {isa = PBXFileReference; explicitFileType = wrapper.cfbundle; includeInIndex = 0; path = "Tip CalculatorUITests.xctest"; sourceTree = BUILT_PRODUCTS_DIR; };
		E5FAE26321FEB28C008C14CA /* Tip_CalculatorUITests.swift */ = {isa = PBXFileReference; lastKnownFileType = sourcecode.swift; path = Tip_CalculatorUITests.swift; sourceTree = "<group>"; };
		E5FAE26521FEB28C008C14CA /* Info.plist */ = {isa = PBXFileReference; lastKnownFileType = text.plist.xml; path = Info.plist; sourceTree = "<group>"; };
/* End PBXFileReference section */

/* Begin PBXFrameworksBuildPhase section */
		E5FAE23D21FEB28A008C14CA /* Frameworks */ = {
			isa = PBXFrameworksBuildPhase;
			buildActionMask = 2147483647;
			files = (
			);
			runOnlyForDeploymentPostprocessing = 0;
		};
		E5FAE25121FEB28C008C14CA /* Frameworks */ = {
			isa = PBXFrameworksBuildPhase;
			buildActionMask = 2147483647;
			files = (
			);
			runOnlyForDeploymentPostprocessing = 0;
		};
		E5FAE25C21FEB28C008C14CA /* Frameworks */ = {
			isa = PBXFrameworksBuildPhase;
			buildActionMask = 2147483647;
			files = (
			);
			runOnlyForDeploymentPostprocessing = 0;
		};
/* End PBXFrameworksBuildPhase section */

/* Begin PBXGroup section */
		E5FAE23721FEB28A008C14CA = {
			isa = PBXGroup;
			children = (
				E5FAE24221FEB28A008C14CA /* Tip Calculator */,
				E5FAE25721FEB28C008C14CA /* Tip CalculatorTests */,
				E5FAE26221FEB28C008C14CA /* Tip CalculatorUITests */,
				E5FAE24121FEB28A008C14CA /* Products */,
			);
			sourceTree = "<group>";
		};
		E5FAE24121FEB28A008C14CA /* Products */ = {
			isa = PBXGroup;
			children = (
				E5FAE24021FEB28A008C14CA /* Tip Calculator.app */,
				E5FAE25421FEB28C008C14CA /* Tip CalculatorTests.xctest */,
				E5FAE25F21FEB28C008C14CA /* Tip CalculatorUITests.xctest */,
			);
			name = Products;
			sourceTree = "<group>";
		};
		E5FAE24221FEB28A008C14CA /* Tip Calculator */ = {
			isa = PBXGroup;
			children = (
				E5FAE24321FEB28A008C14CA /* AppDelegate.swift */,
				E5FAE24521FEB28B008C14CA /* ViewController.swift */,
				E5FAE24721FEB28B008C14CA /* Main.storyboard */,
				E5FAE24A21FEB28C008C14CA /* Assets.xcassets */,
				E5FAE24C21FEB28C008C14CA /* LaunchScreen.storyboard */,
				E5FAE24F21FEB28C008C14CA /* Info.plist */,
			);
			path = "Tip Calculator";
			sourceTree = "<group>";
		};
		E5FAE25721FEB28C008C14CA /* Tip CalculatorTests */ = {
			isa = PBXGroup;
			children = (
				E5FAE25821FEB28C008C14CA /* Tip_CalculatorTests.swift */,
				E5FAE25A21FEB28C008C14CA /* Info.plist */,
			);
			path = "Tip CalculatorTests";
			sourceTree = "<group>";
		};
		E5FAE26221FEB28C008C14CA /* Tip CalculatorUITests */ = {
			isa = PBXGroup;
			children = (
				E5FAE26321FEB28C008C14CA /* Tip_CalculatorUITests.swift */,
				E5FAE26521FEB28C008C14CA /* Info.plist */,
			);
			path = "Tip CalculatorUITests";
			sourceTree = "<group>";
		};
/* End PBXGroup section */

/* Begin PBXNativeTarget section */
		E5FAE23F21FEB28A008C14CA /* Tip Calculator */ = {
			isa = PBXNativeTarget;
			buildConfigurationList = E5FAE26821FEB28C008C14CA /* Build configuration list for PBXNativeTarget "Tip Calculator" */;
			buildPhases = (
				E5FAE23C21FEB28A008C14CA /* Sources */,
				E5FAE23D21FEB28A008C14CA /* Frameworks */,
				E5FAE23E21FEB28A008C14CA /* Resources */,
			);
			buildRules = (
			);
			dependencies = (
			);
			name = "Tip Calculator";
			productName = "Tip Calculator";
			productReference = E5FAE24021FEB28A008C14CA /* Tip Calculator.app */;
			productType = "com.apple.product-type.application";
		};
		E5FAE25321FEB28C008C14CA /* Tip CalculatorTests */ = {
			isa = PBXNativeTarget;
			buildConfigurationList = E5FAE26B21FEB28C008C14CA /* Build configuration list for PBXNativeTarget "Tip CalculatorTests" */;
			buildPhases = (
				E5FAE25021FEB28C008C14CA /* Sources */,
				E5FAE25121FEB28C008C14CA /* Frameworks */,
				E5FAE25221FEB28C008C14CA /* Resources */,
			);
			buildRules = (
			);
			dependencies = (
				E5FAE25621FEB28C008C14CA /* PBXTargetDependency */,
			);
			name = "Tip CalculatorTests";
			productName = "Tip CalculatorTests";
			productReference = E5FAE25421FEB28C008C14CA /* Tip CalculatorTests.xctest */;
			productType = "com.apple.product-type.bundle.unit-test";
		};
		E5FAE25E21FEB28C008C14CA /* Tip CalculatorUITests */ = {
			isa = PBXNativeTarget;
			buildConfigurationList = E5FAE26E21FEB28C008C14CA /* Build configuration list for PBXNativeTarget "Tip CalculatorUITests" */;
			buildPhases = (
				E5FAE25B21FEB28C008C14CA /* Sources */,
				E5FAE25C21FEB28C008C14CA /* Frameworks */,
				E5FAE25D21FEB28C008C14CA /* Resources */,
			);
			buildRules = (
			);
			dependencies = (
				E5FAE26121FEB28C008C14CA /* PBXTargetDependency */,
			);
			name = "Tip CalculatorUITests";
			productName = "Tip CalculatorUITests";
			productReference = E5FAE25F21FEB28C008C14CA /* Tip CalculatorUITests.xctest */;
			productType = "com.apple.product-type.bundle.ui-testing";
		};
/* End PBXNativeTarget section */

/* Begin PBXProject section */
		E5FAE23821FEB28A008C14CA /* Project object */ = {
			isa = PBXProject;
			attributes = {
				LastSwiftUpdateCheck = 1010;
				LastUpgradeCheck = 1010;
				ORGANIZATIONNAME = "Apoorva Chintala";
				TargetAttributes = {
					E5FAE23F21FEB28A008C14CA = {
						CreatedOnToolsVersion = 10.1;
					};
					E5FAE25321FEB28C008C14CA = {
						CreatedOnToolsVersion = 10.1;
						TestTargetID = E5FAE23F21FEB28A008C14CA;
					};
					E5FAE25E21FEB28C008C14CA = {
						CreatedOnToolsVersion = 10.1;
						TestTargetID = E5FAE23F21FEB28A008C14CA;
					};
				};
			};
			buildConfigurationList = E5FAE23B21FEB28A008C14CA /* Build configuration list for PBXProject "Tip Calculator" */;
			compatibilityVersion = "Xcode 9.3";
			developmentRegion = en;
			hasScannedForEncodings = 0;
			knownRegions = (
				en,
				Base,
			);
			mainGroup = E5FAE23721FEB28A008C14CA;
			productRefGroup = E5FAE24121FEB28A008C14CA /* Products */;
			projectDirPath = "";
			projectRoot = "";
			targets = (
				E5FAE23F21FEB28A008C14CA /* Tip Calculator */,
				E5FAE25321FEB28C008C14CA /* Tip CalculatorTests */,
				E5FAE25E21FEB28C008C14CA /* Tip CalculatorUITests */,
			);
		};
/* End PBXProject section */

/* Begin PBXResourcesBuildPhase section */
		E5FAE23E21FEB28A008C14CA /* Resources */ = {
			isa = PBXResourcesBuildPhase;
			buildActionMask = 2147483647;
			files = (
				E5FAE24E21FEB28C008C14CA /* LaunchScreen.storyboard in Resources */,
				E5FAE24B21FEB28C008C14CA /* Assets.xcassets in Resources */,
				E5FAE24921FEB28B008C14CA /* Main.storyboard in Resources */,
			);
			runOnlyForDeploymentPostprocessing = 0;
		};
		E5FAE25221FEB28C008C14CA /* Resources */ = {
			isa = PBXResourcesBuildPhase;
			buildActionMask = 2147483647;
			files = (
			);
			runOnlyForDeploymentPostprocessing = 0;
		};
		E5FAE25D21FEB28C008C14CA /* Resources */ = {
			isa = PBXResourcesBuildPhase;
			buildActionMask = 2147483647;
			files = (
			);
			runOnlyForDeploymentPostprocessing = 0;
		};
/* End PBXResourcesBuildPhase section */

/* Begin PBXSourcesBuildPhase section */
		E5FAE23C21FEB28A008C14CA /* Sources */ = {
			isa = PBXSourcesBuildPhase;
			buildActionMask = 2147483647;
			files = (
				E5FAE24621FEB28B008C14CA /* ViewController.swift in Sources */,
				E5FAE24421FEB28A008C14CA /* AppDelegate.swift in Sources */,
			);
			runOnlyForDeploymentPostprocessing = 0;
		};
		E5FAE25021FEB28C008C14CA /* Sources */ = {
			isa = PBXSourcesBuildPhase;
			buildActionMask = 2147483647;
			files = (
				E5FAE25921FEB28C008C14CA /* Tip_CalculatorTests.swift in Sources */,
			);
			runOnlyForDeploymentPostprocessing = 0;
		};
		E5FAE25B21FEB28C008C14CA /* Sources */ = {
			isa = PBXSourcesBuildPhase;
			buildActionMask = 2147483647;
			files = (
				E5FAE26421FEB28C008C14CA /* Tip_CalculatorUITests.swift in Sources */,
			);
			runOnlyForDeploymentPostprocessing = 0;
		};
/* End PBXSourcesBuildPhase section */

/* Begin PBXTargetDependency section */
		E5FAE25621FEB28C008C14CA /* PBXTargetDependency */ = {
			isa = PBXTargetDependency;
			target = E5FAE23F21FEB28A008C14CA /* Tip Calculator */;
			targetProxy = E5FAE25521FEB28C008C14CA /* PBXContainerItemProxy */;
		};
		E5FAE26121FEB28C008C14CA /* PBXTargetDependency */ = {
			isa = PBXTargetDependency;
			target = E5FAE23F21FEB28A008C14CA /* Tip Calculator */;
			targetProxy = E5FAE26021FEB28C008C14CA /* PBXContainerItemProxy */;
		};
/* End PBXTargetDependency section */

/* Begin PBXVariantGroup section */
		E5FAE24721FEB28B008C14CA /* Main.storyboard */ = {
			isa = PBXVariantGroup;
			children = (
				E5FAE24821FEB28B008C14CA /* Base */,
			);
			name = Main.storyboard;
			sourceTree = "<group>";
		};
		E5FAE24C21FEB28C008C14CA /* LaunchScreen.storyboard */ = {
			isa = PBXVariantGroup;
			children = (
				E5FAE24D21FEB28C008C14CA /* Base */,
			);
			name = LaunchScreen.storyboard;
			sourceTree = "<group>";
		};
/* End PBXVariantGroup section */

/* Begin XCBuildConfiguration section */
		E5FAE26621FEB28C008C14CA /* Debug */ = {
			isa = XCBuildConfiguration;
			buildSettings = {
				ALWAYS_SEARCH_USER_PATHS = NO;
				CLANG_ANALYZER_NONNULL = YES;
				CLANG_ANALYZER_NUMBER_OBJECT_CONVERSION = YES_AGGRESSIVE;
				CLANG_CXX_LANGUAGE_STANDARD = "gnu++14";
				CLANG_CXX_LIBRARY = "libc++";
				CLANG_ENABLE_MODULES = YES;
				CLANG_ENABLE_OBJC_ARC = YES;
				CLANG_ENABLE_OBJC_WEAK = YES;
				CLANG_WARN_BLOCK_CAPTURE_AUTORELEASING = YES;
				CLANG_WARN_BOOL_CONVERSION = YES;
				CLANG_WARN_COMMA = YES;
				CLANG_WARN_CONSTANT_CONVERSION = YES;
				CLANG_WARN_DEPRECATED_OBJC_IMPLEMENTATIONS = YES;
				CLANG_WARN_DIRECT_OBJC_ISA_USAGE = YES_ERROR;
				CLANG_WARN_DOCUMENTATION_COMMENTS = YES;
				CLANG_WARN_EMPTY_BODY = YES;
				CLANG_WARN_ENUM_CONVERSION = YES;
				CLANG_WARN_INFINITE_RECURSION = YES;
				CLANG_WARN_INT_CONVERSION = YES;
				CLANG_WARN_NON_LITERAL_NULL_CONVERSION = YES;
				CLANG_WARN_OBJC_IMPLICIT_RETAIN_SELF = YES;
				CLANG_WARN_OBJC_LITERAL_CONVERSION = YES;
				CLANG_WARN_OBJC_ROOT_CLASS = YES_ERROR;
				CLANG_WARN_RANGE_LOOP_ANALYSIS = YES;
				CLANG_WARN_STRICT_PROTOTYPES = YES;
				CLANG_WARN_SUSPICIOUS_MOVE = YES;
				CLANG_WARN_UNGUARDED_AVAILABILITY = YES_AGGRESSIVE;
				CLANG_WARN_UNREACHABLE_CODE = YES;
				CLANG_WARN__DUPLICATE_METHOD_MATCH = YES;
				CODE_SIGN_IDENTITY = "iPhone Developer";
				COPY_PHASE_STRIP = NO;
				DEBUG_INFORMATION_FORMAT = dwarf;
				ENABLE_STRICT_OBJC_MSGSEND = YES;
				ENABLE_TESTABILITY = YES;
				GCC_C_LANGUAGE_STANDARD = gnu11;
				GCC_DYNAMIC_NO_PIC = NO;
				GCC_NO_COMMON_BLOCKS = YES;
				GCC_OPTIMIZATION_LEVEL = 0;
				GCC_PREPROCESSOR_DEFINITIONS = (
					"DEBUG=1",
					"$(inherited)",
				);
				GCC_WARN_64_TO_32_BIT_CONVERSION = YES;
				GCC_WARN_ABOUT_RETURN_TYPE = YES_ERROR;
				GCC_WARN_UNDECLARED_SELECTOR = YES;
				GCC_WARN_UNINITIALIZED_AUTOS = YES_AGGRESSIVE;
				GCC_WARN_UNUSED_FUNCTION = YES;
				GCC_WARN_UNUSED_VARIABLE = YES;
				IPHONEOS_DEPLOYMENT_TARGET = 12.1;
				MTL_ENABLE_DEBUG_INFO = INCLUDE_SOURCE;
				MTL_FAST_MATH = YES;
				ONLY_ACTIVE_ARCH = YES;
				SDKROOT = iphoneos;
				SWIFT_ACTIVE_COMPILATION_CONDITIONS = DEBUG;
				SWIFT_OPTIMIZATION_LEVEL = "-Onone";
			};
			name = Debug;
		};
		E5FAE26721FEB28C008C14CA /* Release */ = {
			isa = XCBuildConfiguration;
			buildSettings = {
				ALWAYS_SEARCH_USER_PATHS = NO;
				CLANG_ANALYZER_NONNULL = YES;
				CLANG_ANALYZER_NUMBER_OBJECT_CONVERSION = YES_AGGRESSIVE;
				CLANG_CXX_LANGUAGE_STANDARD = "gnu++14";
				CLANG_CXX_LIBRARY = "libc++";
				CLANG_ENABLE_MODULES = YES;
				CLANG_ENABLE_OBJC_ARC = YES;
				CLANG_ENABLE_OBJC_WEAK = YES;
				CLANG_WARN_BLOCK_CAPTURE_AUTORELEASING = YES;
				CLANG_WARN_BOOL_CONVERSION = YES;
				CLANG_WARN_COMMA = YES;
				CLANG_WARN_CONSTANT_CONVERSION = YES;
				CLANG_WARN_DEPRECATED_OBJC_IMPLEMENTATIONS = YES;
				CLANG_WARN_DIRECT_OBJC_ISA_USAGE = YES_ERROR;
				CLANG_WARN_DOCUMENTATION_COMMENTS = YES;
				CLANG_WARN_EMPTY_BODY = YES;
				CLANG_WARN_ENUM_CONVERSION = YES;
				CLANG_WARN_INFINITE_RECURSION = YES;
				CLANG_WARN_INT_CONVERSION = YES;
				CLANG_WARN_NON_LITERAL_NULL_CONVERSION = YES;
				CLANG_WARN_OBJC_IMPLICIT_RETAIN_SELF = YES;
				CLANG_WARN_OBJC_LITERAL_CONVERSION = YES;
				CLANG_WARN_OBJC_ROOT_CLASS = YES_ERROR;
				CLANG_WARN_RANGE_LOOP_ANALYSIS = YES;
				CLANG_WARN_STRICT_PROTOTYPES = YES;
				CLANG_WARN_SUSPICIOUS_MOVE = YES;
				CLANG_WARN_UNGUARDED_AVAILABILITY = YES_AGGRESSIVE;
				CLANG_WARN_UNREACHABLE_CODE = YES;
				CLANG_WARN__DUPLICATE_METHOD_MATCH = YES;
				CODE_SIGN_IDENTITY = "iPhone Developer";
				COPY_PHASE_STRIP = NO;
				DEBUG_INFORMATION_FORMAT = "dwarf-with-dsym";
				ENABLE_NS_ASSERTIONS = NO;
				ENABLE_STRICT_OBJC_MSGSEND = YES;
				GCC_C_LANGUAGE_STANDARD = gnu11;
				GCC_NO_COMMON_BLOCKS = YES;
				GCC_WARN_64_TO_32_BIT_CONVERSION = YES;
				GCC_WARN_ABOUT_RETURN_TYPE = YES_ERROR;
				GCC_WARN_UNDECLARED_SELECTOR = YES;
				GCC_WARN_UNINITIALIZED_AUTOS = YES_AGGRESSIVE;
				GCC_WARN_UNUSED_FUNCTION = YES;
				GCC_WARN_UNUSED_VARIABLE = YES;
				IPHONEOS_DEPLOYMENT_TARGET = 12.1;
				MTL_ENABLE_DEBUG_INFO = NO;
				MTL_FAST_MATH = YES;
				SDKROOT = iphoneos;
				SWIFT_COMPILATION_MODE = wholemodule;
				SWIFT_OPTIMIZATION_LEVEL = "-O";
				VALIDATE_PRODUCT = YES;
			};
			name = Release;
		};
		E5FAE26921FEB28C008C14CA /* Debug */ = {
			isa = XCBuildConfiguration;
			buildSettings = {
				ASSETCATALOG_COMPILER_APPICON_NAME = AppIcon;
				CODE_SIGN_STYLE = Automatic;
				INFOPLIST_FILE = "Tip Calculator/Info.plist";
				LD_RUNPATH_SEARCH_PATHS = (
					"$(inherited)",
					"@executable_path/Frameworks",
				);
				PRODUCT_BUNDLE_IDENTIFIER = "Demo.Tip-Calculator";
				PRODUCT_NAME = "$(TARGET_NAME)";
				SWIFT_VERSION = 4.2;
				TARGETED_DEVICE_FAMILY = "1,2";
			};
			name = Debug;
		};
		E5FAE26A21FEB28C008C14CA /* Release */ = {
			isa = XCBuildConfiguration;
			buildSettings = {
				ASSETCATALOG_COMPILER_APPICON_NAME = AppIcon;
				CODE_SIGN_STYLE = Automatic;
				INFOPLIST_FILE = "Tip Calculator/Info.plist";
				LD_RUNPATH_SEARCH_PATHS = (
					"$(inherited)",
					"@executable_path/Frameworks",
				);
				PRODUCT_BUNDLE_IDENTIFIER = "Demo.Tip-Calculator";
				PRODUCT_NAME = "$(TARGET_NAME)";
				SWIFT_VERSION = 4.2;
				TARGETED_DEVICE_FAMILY = "1,2";
			};
			name = Release;
		};
		E5FAE26C21FEB28C008C14CA /* Debug */ = {
			isa = XCBuildConfiguration;
			buildSettings = {
				ALWAYS_EMBED_SWIFT_STANDARD_LIBRARIES = YES;
				BUNDLE_LOADER = "$(TEST_HOST)";
				CODE_SIGN_STYLE = Automatic;
				INFOPLIST_FILE = "Tip CalculatorTests/Info.plist";
				LD_RUNPATH_SEARCH_PATHS = (
					"$(inherited)",
					"@executable_path/Frameworks",
					"@loader_path/Frameworks",
				);
				PRODUCT_BUNDLE_IDENTIFIER = "Demo.Tip-CalculatorTests";
				PRODUCT_NAME = "$(TARGET_NAME)";
				SWIFT_VERSION = 4.2;
				TARGETED_DEVICE_FAMILY = "1,2";
				TEST_HOST = "$(BUILT_PRODUCTS_DIR)/Tip Calculator.app/Tip Calculator";
			};
			name = Debug;
		};
		E5FAE26D21FEB28C008C14CA /* Release */ = {
			isa = XCBuildConfiguration;
			buildSettings = {
				ALWAYS_EMBED_SWIFT_STANDARD_LIBRARIES = YES;
				BUNDLE_LOADER = "$(TEST_HOST)";
				CODE_SIGN_STYLE = Automatic;
				INFOPLIST_FILE = "Tip CalculatorTests/Info.plist";
				LD_RUNPATH_SEARCH_PATHS = (
					"$(inherited)",
					"@executable_path/Frameworks",
					"@loader_path/Frameworks",
				);
				PRODUCT_BUNDLE_IDENTIFIER = "Demo.Tip-CalculatorTests";
				PRODUCT_NAME = "$(TARGET_NAME)";
				SWIFT_VERSION = 4.2;
				TARGETED_DEVICE_FAMILY = "1,2";
				TEST_HOST = "$(BUILT_PRODUCTS_DIR)/Tip Calculator.app/Tip Calculator";
			};
			name = Release;
		};
		E5FAE26F21FEB28C008C14CA /* Debug */ = {
			isa = XCBuildConfiguration;
			buildSettings = {
				ALWAYS_EMBED_SWIFT_STANDARD_LIBRARIES = YES;
				CODE_SIGN_STYLE = Automatic;
				INFOPLIST_FILE = "Tip CalculatorUITests/Info.plist";
				LD_RUNPATH_SEARCH_PATHS = (
					"$(inherited)",
					"@executable_path/Frameworks",
					"@loader_path/Frameworks",
				);
				PRODUCT_BUNDLE_IDENTIFIER = "Demo.Tip-CalculatorUITests";
				PRODUCT_NAME = "$(TARGET_NAME)";
				SWIFT_VERSION = 4.2;
				TARGETED_DEVICE_FAMILY = "1,2";
				TEST_TARGET_NAME = "Tip Calculator";
			};
			name = Debug;
		};
		E5FAE27021FEB28C008C14CA /* Release */ = {
			isa = XCBuildConfiguration;
			buildSettings = {
				ALWAYS_EMBED_SWIFT_STANDARD_LIBRARIES = YES;
				CODE_SIGN_STYLE = Automatic;
				INFOPLIST_FILE = "Tip CalculatorUITests/Info.plist";
				LD_RUNPATH_SEARCH_PATHS = (
					"$(inherited)",
					"@executable_path/Frameworks",
					"@loader_path/Frameworks",
				);
				PRODUCT_BUNDLE_IDENTIFIER = "Demo.Tip-CalculatorUITests";
				PRODUCT_NAME = "$(TARGET_NAME)";
				SWIFT_VERSION = 4.2;
				TARGETED_DEVICE_FAMILY = "1,2";
				TEST_TARGET_NAME = "Tip Calculator";
			};
			name = Release;
		};
/* End XCBuildConfiguration section */

/* Begin XCConfigurationList section */
		E5FAE23B21FEB28A008C14CA /* Build configuration list for PBXProject "Tip Calculator" */ = {
			isa = XCConfigurationList;
			buildConfigurations = (
				E5FAE26621FEB28C008C14CA /* Debug */,
				E5FAE26721FEB28C008C14CA /* Release */,
			);
			defaultConfigurationIsVisible = 0;
			defaultConfigurationName = Release;
		};
		E5FAE26821FEB28C008C14CA /* Build configuration list for PBXNativeTarget "Tip Calculator" */ = {
			isa = XCConfigurationList;
			buildConfigurations = (
				E5FAE26921FEB28C008C14CA /* Debug */,
				E5FAE26A21FEB28C008C14CA /* Release */,
			);
			defaultConfigurationIsVisible = 0;
			defaultConfigurationName = Release;
		};
		E5FAE26B21FEB28C008C14CA /* Build configuration list for PBXNativeTarget "Tip CalculatorTests" */ = {
			isa = XCConfigurationList;
			buildConfigurations = (
				E5FAE26C21FEB28C008C14CA /* Debug */,
				E5FAE26D21FEB28C008C14CA /* Release */,
			);
			defaultConfigurationIsVisible = 0;
			defaultConfigurationName = Release;
		};
		E5FAE26E21FEB28C008C14CA /* Build configuration list for PBXNativeTarget "Tip CalculatorUITests" */ = {
			isa = XCConfigurationList;
			buildConfigurations = (
				E5FAE26F21FEB28C008C14CA /* Debug */,
				E5FAE27021FEB28C008C14CA /* Release */,
			);
			defaultConfigurationIsVisible = 0;
			defaultConfigurationName = Release;
		};
/* End XCConfigurationList section */
	};
	rootObject = E5FAE23821FEB28A008C14CA /* Project object */;
}
